
Microsoft Visual Studio Solution File, Format Version 12.00
# Visual Studio Version 17
VisualStudioVersion = 17.8.34309.116
MinimumVisualStudioVersion = 10.0.40219.1
Project("{FAE04EC0-301F-11D3-BF4B-00C04F79EFBC}") = "CMMS", "CMMS\CMMS.csproj", "{95A60D6F-66AB-4B52-92D9-D1F13BA840D9}"
EndProject
Global
	GlobalSection(SolutionConfigurationPlatforms) = preSolution
		Debug|Any CPU = Debug|Any CPU
		Release|Any CPU = Release|Any CPU
	EndGlobalSection
	GlobalSection(ProjectConfigurationPlatforms) = postSolution
		{95A60D6F-66AB-4B52-92D9-D1F13BA840D9}.Debug|Any CPU.ActiveCfg = Debug|Any CPU
		{95A60D6F-66AB-4B52-92D9-D1F13BA840D9}.Debug|Any CPU.Build.0 = Debug|Any CPU
		{95A60D6F-66AB-4B52-92D9-D1F13BA840D9}.Release|Any CPU.ActiveCfg = Release|Any CPU
		{95A60D6F-66AB-4B52-92D9-D1F13BA840D9}.Release|Any CPU.Build.0 = Release|Any CPU
	EndGlobalSection
	GlobalSection(SolutionProperties) = preSolution
		HideSolutionNode = FALSE
	EndGlobalSection
	GlobalSection(ExtensibilityGlobals) = postSolution
		SolutionGuid = {8984948A-4297-4AC9-9E8B-15206D10900C}
	EndGlobalSection
EndGlobal
